
Microsoft Visual Studio Solution File, Format Version 12.00
# Visual Studio 15
VisualStudioVersion = 15.0.26124.0
MinimumVisualStudioVersion = 15.0.26124.0
Project("{2150E333-8FDC-42A3-9474-1A3956D46DE8}") = "src", "src", "{0DA6DFA3-972E-4B42-AF2C-67D226DCDD89}"
EndProject
Project("{FAE04EC0-301F-11D3-BF4B-00C04F79EFBC}") = "OPMLCore.NET", "src\OPMLCore.NET\OPMLCore.NET.csproj", "{74D51452-48A8-4F0F-82B5-F47826B4F1C9}"
EndProject
Project("{FAE04EC0-301F-11D3-BF4B-00C04F79EFBC}") = "test", "test\test.csproj", "{15E07BD7-75A1-46F8-8697-F146915FC23F}"
EndProject
Global
	GlobalSection(SolutionConfigurationPlatforms) = preSolution
		Debug|Any CPU = Debug|Any CPU
		Debug|x64 = Debug|x64
		Debug|x86 = Debug|x86
		Release|Any CPU = Release|Any CPU
		Release|x64 = Release|x64
		Release|x86 = Release|x86
	EndGlobalSection
	GlobalSection(SolutionProperties) = preSolution
		HideSolutionNode = FALSE
	EndGlobalSection
	GlobalSection(ProjectConfigurationPlatforms) = postSolution
		{74D51452-48A8-4F0F-82B5-F47826B4F1C9}.Debug|Any CPU.ActiveCfg = Debug|Any CPU
		{74D51452-48A8-4F0F-82B5-F47826B4F1C9}.Debug|Any CPU.Build.0 = Debug|Any CPU
		{74D51452-48A8-4F0F-82B5-F47826B4F1C9}.Debug|x64.ActiveCfg = Debug|x64
		{74D51452-48A8-4F0F-82B5-F47826B4F1C9}.Debug|x64.Build.0 = Debug|x64
		{74D51452-48A8-4F0F-82B5-F47826B4F1C9}.Debug|x86.ActiveCfg = Debug|x86
		{74D51452-48A8-4F0F-82B5-F47826B4F1C9}.Debug|x86.Build.0 = Debug|x86
		{74D51452-48A8-4F0F-82B5-F47826B4F1C9}.Release|Any CPU.ActiveCfg = Release|Any CPU
		{74D51452-48A8-4F0F-82B5-F47826B4F1C9}.Release|Any CPU.Build.0 = Release|Any CPU
		{74D51452-48A8-4F0F-82B5-F47826B4F1C9}.Release|x64.ActiveCfg = Release|x64
		{74D51452-48A8-4F0F-82B5-F47826B4F1C9}.Release|x64.Build.0 = Release|x64
		{74D51452-48A8-4F0F-82B5-F47826B4F1C9}.Release|x86.ActiveCfg = Release|x86
		{74D51452-48A8-4F0F-82B5-F47826B4F1C9}.Release|x86.Build.0 = Release|x86
		{15E07BD7-75A1-46F8-8697-F146915FC23F}.Debug|Any CPU.ActiveCfg = Debug|Any CPU
		{15E07BD7-75A1-46F8-8697-F146915FC23F}.Debug|Any CPU.Build.0 = Debug|Any CPU
		{15E07BD7-75A1-46F8-8697-F146915FC23F}.Debug|x64.ActiveCfg = Debug|x64
		{15E07BD7-75A1-46F8-8697-F146915FC23F}.Debug|x64.Build.0 = Debug|x64
		{15E07BD7-75A1-46F8-8697-F146915FC23F}.Debug|x86.ActiveCfg = Debug|x86
		{15E07BD7-75A1-46F8-8697-F146915FC23F}.Debug|x86.Build.0 = Debug|x86
		{15E07BD7-75A1-46F8-8697-F146915FC23F}.Release|Any CPU.ActiveCfg = Release|Any CPU
		{15E07BD7-75A1-46F8-8697-F146915FC23F}.Release|Any CPU.Build.0 = Release|Any CPU
		{15E07BD7-75A1-46F8-8697-F146915FC23F}.Release|x64.ActiveCfg = Release|x64
		{15E07BD7-75A1-46F8-8697-F146915FC23F}.Release|x64.Build.0 = Release|x64
		{15E07BD7-75A1-46F8-8697-F146915FC23F}.Release|x86.ActiveCfg = Release|x86
		{15E07BD7-75A1-46F8-8697-F146915FC23F}.Release|x86.Build.0 = Release|x86
	EndGlobalSection
	GlobalSection(NestedProjects) = preSolution
		{74D51452-48A8-4F0F-82B5-F47826B4F1C9} = {0DA6DFA3-972E-4B42-AF2C-67D226DCDD89}
	EndGlobalSection
EndGlobal
